
Microsoft Visual Studio Solution File, Format Version 12.00
# Visual Studio 14
VisualStudioVersion = 14.0.25123.0
MinimumVisualStudioVersion = 10.0.40219.1
Project("{2150E333-8FDC-42A3-9474-1A3956D46DE8}") = "Solution Items", "Solution Items", "{E084508E-FBEB-4A72-9C38-C34E270E8C2B}"
	ProjectSection(SolutionItems) = preProject
		global.json = global.json
	EndProjectSection
EndProject
Project("{8BB2217D-0F2D-49D1-97BC-3654ED321F3B}") = "HTTPlease.Core.Tests", "test\HTTPlease.Core.Tests\HTTPlease.Core.Tests.xproj", "{E6533F2D-7CE2-4603-BAC4-1523C9FDB9B0}"
EndProject
Project("{8BB2217D-0F2D-49D1-97BC-3654ED321F3B}") = "HTTPlease.Core", "src\HTTPlease.Core\HTTPlease.Core.xproj", "{D187F596-31E0-4D59-9ACC-BD75B6862D8B}"
EndProject
Project("{8BB2217D-0F2D-49D1-97BC-3654ED321F3B}") = "HTTPlease.Formatters", "src\HTTPlease.Formatters\HTTPlease.Formatters.xproj", "{9C833550-D488-453C-8FD2-80E0CF51C5F0}"
EndProject
Project("{8BB2217D-0F2D-49D1-97BC-3654ED321F3B}") = "HTTPlease.Formatters.Json", "src\HTTPlease.Formatters.Json\HTTPlease.Formatters.Json.xproj", "{CB72EC31-9E28-49CD-B0F1-746F88C3283F}"
EndProject
Project("{8BB2217D-0F2D-49D1-97BC-3654ED321F3B}") = "HTTPlease.Formatters.Tests", "test\HTTPlease.Formatters.Tests\HTTPlease.Formatters.Tests.xproj", "{C684FA41-F988-4B83-B2C1-345DC68FCE56}"
EndProject
Project("{8BB2217D-0F2D-49D1-97BC-3654ED321F3B}") = "HTTPlease.Formatters.FunctionalTests", "test\HTTPlease.Formatters.FunctionalTests\HTTPlease.Formatters.FunctionalTests.xproj", "{E60CE33D-D39D-4A97-A1DC-4CDD2768CC04}"
EndProject
Global
	GlobalSection(SolutionConfigurationPlatforms) = preSolution
		Debug|Any CPU = Debug|Any CPU
		Release|Any CPU = Release|Any CPU
	EndGlobalSection
	GlobalSection(ProjectConfigurationPlatforms) = postSolution
		{E6533F2D-7CE2-4603-BAC4-1523C9FDB9B0}.Debug|Any CPU.ActiveCfg = Debug|Any CPU
		{E6533F2D-7CE2-4603-BAC4-1523C9FDB9B0}.Debug|Any CPU.Build.0 = Debug|Any CPU
		{E6533F2D-7CE2-4603-BAC4-1523C9FDB9B0}.Release|Any CPU.ActiveCfg = Release|Any CPU
		{E6533F2D-7CE2-4603-BAC4-1523C9FDB9B0}.Release|Any CPU.Build.0 = Release|Any CPU
		{D187F596-31E0-4D59-9ACC-BD75B6862D8B}.Debug|Any CPU.ActiveCfg = Debug|Any CPU
		{D187F596-31E0-4D59-9ACC-BD75B6862D8B}.Debug|Any CPU.Build.0 = Debug|Any CPU
		{D187F596-31E0-4D59-9ACC-BD75B6862D8B}.Release|Any CPU.ActiveCfg = Release|Any CPU
		{D187F596-31E0-4D59-9ACC-BD75B6862D8B}.Release|Any CPU.Build.0 = Release|Any CPU
		{9C833550-D488-453C-8FD2-80E0CF51C5F0}.Debug|Any CPU.ActiveCfg = Debug|Any CPU
		{9C833550-D488-453C-8FD2-80E0CF51C5F0}.Debug|Any CPU.Build.0 = Debug|Any CPU
		{9C833550-D488-453C-8FD2-80E0CF51C5F0}.Release|Any CPU.ActiveCfg = Release|Any CPU
		{9C833550-D488-453C-8FD2-80E0CF51C5F0}.Release|Any CPU.Build.0 = Release|Any CPU
		{CB72EC31-9E28-49CD-B0F1-746F88C3283F}.Debug|Any CPU.ActiveCfg = Debug|Any CPU
		{CB72EC31-9E28-49CD-B0F1-746F88C3283F}.Debug|Any CPU.Build.0 = Debug|Any CPU
		{CB72EC31-9E28-49CD-B0F1-746F88C3283F}.Release|Any CPU.ActiveCfg = Release|Any CPU
		{CB72EC31-9E28-49CD-B0F1-746F88C3283F}.Release|Any CPU.Build.0 = Release|Any CPU
		{C684FA41-F988-4B83-B2C1-345DC68FCE56}.Debug|Any CPU.ActiveCfg = Debug|Any CPU
		{C684FA41-F988-4B83-B2C1-345DC68FCE56}.Debug|Any CPU.Build.0 = Debug|Any CPU
		{C684FA41-F988-4B83-B2C1-345DC68FCE56}.Release|Any CPU.ActiveCfg = Release|Any CPU
		{C684FA41-F988-4B83-B2C1-345DC68FCE56}.Release|Any CPU.Build.0 = Release|Any CPU
		{E60CE33D-D39D-4A97-A1DC-4CDD2768CC04}.Debug|Any CPU.ActiveCfg = Debug|Any CPU
		{E60CE33D-D39D-4A97-A1DC-4CDD2768CC04}.Debug|Any CPU.Build.0 = Debug|Any CPU
		{E60CE33D-D39D-4A97-A1DC-4CDD2768CC04}.Release|Any CPU.ActiveCfg = Release|Any CPU
		{E60CE33D-D39D-4A97-A1DC-4CDD2768CC04}.Release|Any CPU.Build.0 = Release|Any CPU
	EndGlobalSection
	GlobalSection(SolutionProperties) = preSolution
		HideSolutionNode = FALSE
	EndGlobalSection
EndGlobal
